{
  "name": "hello-world",
  "lockfileVersion": 2,
  "requires": true,
  "packages": {
    "": {
      "dependencies": {
        "etsbox-canvas-lib": "^0.0.6"
      }
    },
    "node_modules/etsbox-canvas-lib": {
      "version": "0.0.6",
      "resolved": "https://registry.npmjs.org/etsbox-canvas-lib/-/etsbox-canvas-lib-0.0.6.tgz",
      "integrity": "sha512-N7CynCgiyL1YwnOBmW3fXhsiwDh5rZu4MjXLbkUHntAPUG3w3G4BoelPWHzGH4dqMNKv1QOtKKS3NVzkBUmIpg=="
    }
  },
  "dependencies": {
    "etsbox-canvas-lib": {
      "version": "0.0.6",
      "resolved": "https://registry.npmjs.org/etsbox-canvas-lib/-/etsbox-canvas-lib-0.0.6.tgz",
      "integrity": "sha512-N7CynCgiyL1YwnOBmW3fXhsiwDh5rZu4MjXLbkUHntAPUG3w3G4BoelPWHzGH4dqMNKv1QOtKKS3NVzkBUmIpg=="
    }
  }
}
